// !$*UTF8*$!
{
	archiveVersion = 1;
	classes = {
	};
	objectVersion = 56;
	objects = {

/* Begin PBXBuildFile section */
		2E4EEA932A42D2FB00541B2E /* ExampleApp.swift in Sources */ = {isa = PBXBuildFile; fileRef = 2E4EEA922A42D2FB00541B2E /* ExampleApp.swift */; };
		2E4EEA952A42D2FB00541B2E /* ContentView.swift in Sources */ = {isa = PBXBuildFile; fileRef = 2E4EEA942A42D2FB00541B2E /* ContentView.swift */; };
		2E4EEA972A42D30000541B2E /* Assets.xcassets in Resources */ = {isa = PBXBuildFile; fileRef = 2E4EEA962A42D30000541B2E /* Assets.xcassets */; };
		2E4EEA9A2A42D30000541B2E /* Preview Assets.xcassets in Resources */ = {isa = PBXBuildFile; fileRef = 2E4EEA992A42D30000541B2E /* Preview Assets.xcassets */; };
		2E4EEAA42A42D30000541B2E /* ExampleTests.swift in Sources */ = {isa = PBXBuildFile; fileRef = 2E4EEAA32A42D30000541B2E /* ExampleTests.swift */; };
		2E4EEAAE2A42D30000541B2E /* ExampleUITests.swift in Sources */ = {isa = PBXBuildFile; fileRef = 2E4EEAAD2A42D30000541B2E /* ExampleUITests.swift */; };
		2E4EEAB02A42D30000541B2E /* ExampleUITestsLaunchTests.swift in Sources */ = {isa = PBXBuildFile; fileRef = 2E4EEAAF2A42D30000541B2E /* ExampleUITestsLaunchTests.swift */; };
		2E4EEABE2A42D32D00541B2E /* MyExamplePackage in Frameworks */ = {isa = PBXBuildFile; productRef = 2E4EEABD2A42D32D00541B2E /* MyExamplePackage */; };
/* End PBXBuildFile section */

/* Begin PBXContainerItemProxy section */
		2E4EEAA02A42D30000541B2E /* PBXContainerItemProxy */ = {
			isa = PBXContainerItemProxy;
			containerPortal = 2E4EEA872A42D2FB00541B2E /* Project object */;
			proxyType = 1;
			remoteGlobalIDString = 2E4EEA8E2A42D2FB00541B2E;
			remoteInfo = Example;
		};
		2E4EEAAA2A42D30000541B2E /* PBXContainerItemProxy */ = {
			isa = PBXContainerItemProxy;
			containerPortal = 2E4EEA872A42D2FB00541B2E /* Project object */;
			proxyType = 1;
			remoteGlobalIDString = 2E4EEA8E2A42D2FB00541B2E;
			remoteInfo = Example;
		};
/* End PBXContainerItemProxy section */

/* Begin PBXFileReference section */
		2E4EEA8F2A42D2FB00541B2E /* Example.app */ = {isa = PBXFileReference; explicitFileType = wrapper.application; includeInIndex = 0; path = Example.app; sourceTree = BUILT_PRODUCTS_DIR; };
		2E4EEA922A42D2FB00541B2E /* ExampleApp.swift */ = {isa = PBXFileReference; lastKnownFileType = sourcecode.swift; path = ExampleApp.swift; sourceTree = "<group>"; };
		2E4EEA942A42D2FB00541B2E /* ContentView.swift */ = {isa = PBXFileReference; lastKnownFileType = sourcecode.swift; path = ContentView.swift; sourceTree = "<group>"; };
		2E4EEA962A42D30000541B2E /* Assets.xcassets */ = {isa = PBXFileReference; lastKnownFileType = folder.assetcatalog; path = Assets.xcassets; sourceTree = "<group>"; };
		2E4EEA992A42D30000541B2E /* Preview Assets.xcassets */ = {isa = PBXFileReference; lastKnownFileType = folder.assetcatalog; path = "Preview Assets.xcassets"; sourceTree = "<group>"; };
		2E4EEA9F2A42D30000541B2E /* ExampleTests.xctest */ = {isa = PBXFileReference; explicitFileType = wrapper.cfbundle; includeInIndex = 0; path = ExampleTests.xctest; sourceTree = BUILT_PRODUCTS_DIR; };
		2E4EEAA32A42D30000541B2E /* ExampleTests.swift */ = {isa = PBXFileReference; lastKnownFileType = sourcecode.swift; path = ExampleTests.swift; sourceTree = "<group>"; };
		2E4EEAA92A42D30000541B2E /* ExampleUITests.xctest */ = {isa = PBXFileReference; explicitFileType = wrapper.cfbundle; includeInIndex = 0; path = ExampleUITests.xctest; sourceTree = BUILT_PRODUCTS_DIR; };
		2E4EEAAD2A42D30000541B2E /* ExampleUITests.swift */ = {isa = PBXFileReference; lastKnownFileType = sourcecode.swift; path = ExampleUITests.swift; sourceTree = "<group>"; };
		2E4EEAAF2A42D30000541B2E /* ExampleUITestsLaunchTests.swift */ = {isa = PBXFileReference; lastKnownFileType = sourcecode.swift; path = ExampleUITestsLaunchTests.swift; sourceTree = "<group>"; };
/* End PBXFileReference section */

/* Begin PBXFrameworksBuildPhase section */
		2E4EEA8C2A42D2FB00541B2E /* Frameworks */ = {
			isa = PBXFrameworksBuildPhase;
			buildActionMask = 2147483647;
			files = (
				2E4EEABE2A42D32D00541B2E /* MyExamplePackage in Frameworks */,
			);
			runOnlyForDeploymentPostprocessing = 0;
		};
		2E4EEA9C2A42D30000541B2E /* Frameworks */ = {
			isa = PBXFrameworksBuildPhase;
			buildActionMask = 2147483647;
			files = (
			);
			runOnlyForDeploymentPostprocessing = 0;
		};
		2E4EEAA62A42D30000541B2E /* Frameworks */ = {
			isa = PBXFrameworksBuildPhase;
			buildActionMask = 2147483647;
			files = (
			);
			runOnlyForDeploymentPostprocessing = 0;
		};
/* End PBXFrameworksBuildPhase section */

/* Begin PBXGroup section */
		2E4EEA862A42D2FB00541B2E = {
			isa = PBXGroup;
			children = (
				2E4EEA912A42D2FB00541B2E /* Example */,
				2E4EEAA22A42D30000541B2E /* ExampleTests */,
				2E4EEAAC2A42D30000541B2E /* ExampleUITests */,
				2E4EEA902A42D2FB00541B2E /* Products */,
			);
			sourceTree = "<group>";
		};
		2E4EEA902A42D2FB00541B2E /* Products */ = {
			isa = PBXGroup;
			children = (
				2E4EEA8F2A42D2FB00541B2E /* Example.app */,
				2E4EEA9F2A42D30000541B2E /* ExampleTests.xctest */,
				2E4EEAA92A42D30000541B2E /* ExampleUITests.xctest */,
			);
			name = Products;
			sourceTree = "<group>";
		};
		2E4EEA912A42D2FB00541B2E /* Example */ = {
			isa = PBXGroup;
			children = (
				2E4EEA922A42D2FB00541B2E /* ExampleApp.swift */,
				2E4EEA942A42D2FB00541B2E /* ContentView.swift */,
				2E4EEA962A42D30000541B2E /* Assets.xcassets */,
				2E4EEA982A42D30000541B2E /* Preview Content */,
			);
			path = Example;
			sourceTree = "<group>";
		};
		2E4EEA982A42D30000541B2E /* Preview Content */ = {
			isa = PBXGroup;
			children = (
				2E4EEA992A42D30000541B2E /* Preview Assets.xcassets */,
			);
			path = "Preview Content";
			sourceTree = "<group>";
		};
		2E4EEAA22A42D30000541B2E /* ExampleTests */ = {
			isa = PBXGroup;
			children = (
				2E4EEAA32A42D30000541B2E /* ExampleTests.swift */,
			);
			path = ExampleTests;
			sourceTree = "<group>";
		};
		2E4EEAAC2A42D30000541B2E /* ExampleUITests */ = {
			isa = PBXGroup;
			children = (
				2E4EEAAD2A42D30000541B2E /* ExampleUITests.swift */,
				2E4EEAAF2A42D30000541B2E /* ExampleUITestsLaunchTests.swift */,
			);
			path = ExampleUITests;
			sourceTree = "<group>";
		};
/* End PBXGroup section */

/* Begin PBXNativeTarget section */
		2E4EEA8E2A42D2FB00541B2E /* Example */ = {
			isa = PBXNativeTarget;
			buildConfigurationList = 2E4EEAB32A42D30000541B2E /* Build configuration list for PBXNativeTarget "Example" */;
			buildPhases = (
				2E4EEA8B2A42D2FB00541B2E /* Sources */,
				2E4EEA8C2A42D2FB00541B2E /* Frameworks */,
				2E4EEA8D2A42D2FB00541B2E /* Resources */,
			);
			buildRules = (
			);
			dependencies = (
			);
			name = Example;
			packageProductDependencies = (
				2E4EEABD2A42D32D00541B2E /* MyExamplePackage */,
			);
			productName = Example;
			productReference = 2E4EEA8F2A42D2FB00541B2E /* Example.app */;
			productType = "com.apple.product-type.application";
		};
		2E4EEA9E2A42D30000541B2E /* ExampleTests */ = {
			isa = PBXNativeTarget;
			buildConfigurationList = 2E4EEAB62A42D30000541B2E /* Build configuration list for PBXNativeTarget "ExampleTests" */;
			buildPhases = (
				2E4EEA9B2A42D30000541B2E /* Sources */,
				2E4EEA9C2A42D30000541B2E /* Frameworks */,
				2E4EEA9D2A42D30000541B2E /* Resources */,
			);
			buildRules = (
			);
			dependencies = (
				2E4EEAA12A42D30000541B2E /* PBXTargetDependency */,
			);
			name = ExampleTests;
			productName = ExampleTests;
			productReference = 2E4EEA9F2A42D30000541B2E /* ExampleTests.xctest */;
			productType = "com.apple.product-type.bundle.unit-test";
		};
		2E4EEAA82A42D30000541B2E /* ExampleUITests */ = {
			isa = PBXNativeTarget;
			buildConfigurationList = 2E4EEAB92A42D30000541B2E /* Build configuration list for PBXNativeTarget "ExampleUITests" */;
			buildPhases = (
				2E4EEAA52A42D30000541B2E /* Sources */,
				2E4EEAA62A42D30000541B2E /* Frameworks */,
				2E4EEAA72A42D30000541B2E /* Resources */,
			);
			buildRules = (
			);
			dependencies = (
				2E4EEAAB2A42D30000541B2E /* PBXTargetDependency */,
			);
			name = ExampleUITests;
			productName = ExampleUITests;
			productReference = 2E4EEAA92A42D30000541B2E /* ExampleUITests.xctest */;
			productType = "com.apple.product-type.bundle.ui-testing";
		};
/* End PBXNativeTarget section */

/* Begin PBXProject section */
		2E4EEA872A42D2FB00541B2E /* Project object */ = {
			isa = PBXProject;
			attributes = {
				BuildIndependentTargetsInParallel = 1;
				LastSwiftUpdateCheck = 1430;
				LastUpgradeCheck = 1430;
				TargetAttributes = {
					2E4EEA8E2A42D2FB00541B2E = {
						CreatedOnToolsVersion = 14.3;
					};
					2E4EEA9E2A42D30000541B2E = {
						CreatedOnToolsVersion = 14.3;
						TestTargetID = 2E4EEA8E2A42D2FB00541B2E;
					};
					2E4EEAA82A42D30000541B2E = {
						CreatedOnToolsVersion = 14.3;
						TestTargetID = 2E4EEA8E2A42D2FB00541B2E;
					};
				};
			};
			buildConfigurationList = 2E4EEA8A2A42D2FB00541B2E /* Build configuration list for PBXProject "Example" */;
			compatibilityVersion = "Xcode 14.0";
			developmentRegion = en;
			hasScannedForEncodings = 0;
			knownRegions = (
				en,
				Base,
			);
			mainGroup = 2E4EEA862A42D2FB00541B2E;
			packageReferences = (
				2E4EEABC2A42D32D00541B2E /* XCRemoteSwiftPackageReference "MyExamplePackage" */,
			);
			productRefGroup = 2E4EEA902A42D2FB00541B2E /* Products */;
			projectDirPath = "";
			projectRoot = "";
			targets = (
				2E4EEA8E2A42D2FB00541B2E /* Example */,
				2E4EEA9E2A42D30000541B2E /* ExampleTests */,
				2E4EEAA82A42D30000541B2E /* ExampleUITests */,
			);
		};
/* End PBXProject section */

/* Begin PBXResourcesBuildPhase section */
		2E4EEA8D2A42D2FB00541B2E /* Resources */ = {
			isa = PBXResourcesBuildPhase;
			buildActionMask = 2147483647;
			files = (
				2E4EEA9A2A42D30000541B2E /* Preview Assets.xcassets in Resources */,
				2E4EEA972A42D30000541B2E /* Assets.xcassets in Resources */,
			);
			runOnlyForDeploymentPostprocessing = 0;
		};
		2E4EEA9D2A42D30000541B2E /* Resources */ = {
			isa = PBXResourcesBuildPhase;
			buildActionMask = 2147483647;
			files = (
			);
			runOnlyForDeploymentPostprocessing = 0;
		};
		2E4EEAA72A42D30000541B2E /* Resources */ = {
			isa = PBXResourcesBuildPhase;
			buildActionMask = 2147483647;
			files = (
			);
			runOnlyForDeploymentPostprocessing = 0;
		};
/* End PBXResourcesBuildPhase section */

/* Begin PBXSourcesBuildPhase section */
		2E4EEA8B2A42D2FB00541B2E /* Sources */ = {
			isa = PBXSourcesBuildPhase;
			buildActionMask = 2147483647;
			files = (
				2E4EEA952A42D2FB00541B2E /* ContentView.swift in Sources */,
				2E4EEA932A42D2FB00541B2E /* ExampleApp.swift in Sources */,
			);
			runOnlyForDeploymentPostprocessing = 0;
		};
		2E4EEA9B2A42D30000541B2E /* Sources */ = {
			isa = PBXSourcesBuildPhase;
			buildActionMask = 2147483647;
			files = (
				2E4EEAA42A42D30000541B2E /* ExampleTests.swift in Sources */,
			);
			runOnlyForDeploymentPostprocessing = 0;
		};
		2E4EEAA52A42D30000541B2E /* Sources */ = {
			isa = PBXSourcesBuildPhase;
			buildActionMask = 2147483647;
			files = (
				2E4EEAAE2A42D30000541B2E /* ExampleUITests.swift in Sources */,
				2E4EEAB02A42D30000541B2E /* ExampleUITestsLaunchTests.swift in Sources */,
			);
			runOnlyForDeploymentPostprocessing = 0;
		};
/* End PBXSourcesBuildPhase section */

/* Begin PBXTargetDependency section */
		2E4EEAA12A42D30000541B2E /* PBXTargetDependency */ = {
			isa = PBXTargetDependency;
			target = 2E4EEA8E2A42D2FB00541B2E /* Example */;
			targetProxy = 2E4EEAA02A42D30000541B2E /* PBXContainerItemProxy */;
		};
		2E4EEAAB2A42D30000541B2E /* PBXTargetDependency */ = {
			isa = PBXTargetDependency;
			target = 2E4EEA8E2A42D2FB00541B2E /* Example */;
			targetProxy = 2E4EEAAA2A42D30000541B2E /* PBXContainerItemProxy */;
		};
/* End PBXTargetDependency section */

/* Begin XCBuildConfiguration section */
		2E4EEAB12A42D30000541B2E /* Debug */ = {
			isa = XCBuildConfiguration;
			buildSettings = {
				ALWAYS_SEARCH_USER_PATHS = NO;
				CLANG_ANALYZER_NONNULL = YES;
				CLANG_ANALYZER_NUMBER_OBJECT_CONVERSION = YES_AGGRESSIVE;
				CLANG_CXX_LANGUAGE_STANDARD = "gnu++20";
				CLANG_ENABLE_MODULES = YES;
				CLANG_ENABLE_OBJC_ARC = YES;
				CLANG_ENABLE_OBJC_WEAK = YES;
				CLANG_WARN_BLOCK_CAPTURE_AUTORELEASING = YES;
				CLANG_WARN_BOOL_CONVERSION = YES;
				CLANG_WARN_COMMA = YES;
				CLANG_WARN_CONSTANT_CONVERSION = YES;
				CLANG_WARN_DEPRECATED_OBJC_IMPLEMENTATIONS = YES;
				CLANG_WARN_DIRECT_OBJC_ISA_USAGE = YES_ERROR;
				CLANG_WARN_DOCUMENTATION_COMMENTS = YES;
				CLANG_WARN_EMPTY_BODY = YES;
				CLANG_WARN_ENUM_CONVERSION = YES;
				CLANG_WARN_INFINITE_RECURSION = YES;
				CLANG_WARN_INT_CONVERSION = YES;
				CLANG_WARN_NON_LITERAL_NULL_CONVERSION = YES;
				CLANG_WARN_OBJC_IMPLICIT_RETAIN_SELF = YES;
				CLANG_WARN_OBJC_LITERAL_CONVERSION = YES;
				CLANG_WARN_OBJC_ROOT_CLASS = YES_ERROR;
				CLANG_WARN_QUOTED_INCLUDE_IN_FRAMEWORK_HEADER = YES;
				CLANG_WARN_RANGE_LOOP_ANALYSIS = YES;
				CLANG_WARN_STRICT_PROTOTYPES = YES;
				CLANG_WARN_SUSPICIOUS_MOVE = YES;
				CLANG_WARN_UNGUARDED_AVAILABILITY = YES_AGGRESSIVE;
				CLANG_WARN_UNREACHABLE_CODE = YES;
				CLANG_WARN__DUPLICATE_METHOD_MATCH = YES;
				COPY_PHASE_STRIP = NO;
				DEBUG_INFORMATION_FORMAT = dwarf;
				ENABLE_STRICT_OBJC_MSGSEND = YES;
				ENABLE_TESTABILITY = YES;
				GCC_C_LANGUAGE_STANDARD = gnu11;
				GCC_DYNAMIC_NO_PIC = NO;
				GCC_NO_COMMON_BLOCKS = YES;
				GCC_OPTIMIZATION_LEVEL = 0;
				GCC_PREPROCESSOR_DEFINITIONS = (
					"DEBUG=1",
					"$(inherited)",
				);
				GCC_WARN_64_TO_32_BIT_CONVERSION = YES;
				GCC_WARN_ABOUT_RETURN_TYPE = YES_ERROR;
				GCC_WARN_UNDECLARED_SELECTOR = YES;
				GCC_WARN_UNINITIALIZED_AUTOS = YES_AGGRESSIVE;
				GCC_WARN_UNUSED_FUNCTION = YES;
				GCC_WARN_UNUSED_VARIABLE = YES;
				IPHONEOS_DEPLOYMENT_TARGET = 16.4;
				MTL_ENABLE_DEBUG_INFO = INCLUDE_SOURCE;
				MTL_FAST_MATH = YES;
				ONLY_ACTIVE_ARCH = YES;
				SDKROOT = iphoneos;
				SWIFT_ACTIVE_COMPILATION_CONDITIONS = DEBUG;
				SWIFT_OPTIMIZATION_LEVEL = "-Onone";
			};
			name = Debug;
		};
		2E4EEAB22A42D30000541B2E /* Release */ = {
			isa = XCBuildConfiguration;
			buildSettings = {
				ALWAYS_SEARCH_USER_PATHS = NO;
				CLANG_ANALYZER_NONNULL = YES;
				CLANG_ANALYZER_NUMBER_OBJECT_CONVERSION = YES_AGGRESSIVE;
				CLANG_CXX_LANGUAGE_STANDARD = "gnu++20";
				CLANG_ENABLE_MODULES = YES;
				CLANG_ENABLE_OBJC_ARC = YES;
				CLANG_ENABLE_OBJC_WEAK = YES;
				CLANG_WARN_BLOCK_CAPTURE_AUTORELEASING = YES;
				CLANG_WARN_BOOL_CONVERSION = YES;
				CLANG_WARN_COMMA = YES;
				CLANG_WARN_CONSTANT_CONVERSION = YES;
				CLANG_WARN_DEPRECATED_OBJC_IMPLEMENTATIONS = YES;
				CLANG_WARN_DIRECT_OBJC_ISA_USAGE = YES_ERROR;
				CLANG_WARN_DOCUMENTATION_COMMENTS = YES;
				CLANG_WARN_EMPTY_BODY = YES;
				CLANG_WARN_ENUM_CONVERSION = YES;
				CLANG_WARN_INFINITE_RECURSION = YES;
				CLANG_WARN_INT_CONVERSION = YES;
				CLANG_WARN_NON_LITERAL_NULL_CONVERSION = YES;
				CLANG_WARN_OBJC_IMPLICIT_RETAIN_SELF = YES;
				CLANG_WARN_OBJC_LITERAL_CONVERSION = YES;
				CLANG_WARN_OBJC_ROOT_CLASS = YES_ERROR;
				CLANG_WARN_QUOTED_INCLUDE_IN_FRAMEWORK_HEADER = YES;
				CLANG_WARN_RANGE_LOOP_ANALYSIS = YES;
				CLANG_WARN_STRICT_PROTOTYPES = YES;
				CLANG_WARN_SUSPICIOUS_MOVE = YES;
				CLANG_WARN_UNGUARDED_AVAILABILITY = YES_AGGRESSIVE;
				CLANG_WARN_UNREACHABLE_CODE = YES;
				CLANG_WARN__DUPLICATE_METHOD_MATCH = YES;
				COPY_PHASE_STRIP = NO;
				DEBUG_INFORMATION_FORMAT = "dwarf-with-dsym";
				ENABLE_NS_ASSERTIONS = NO;
				ENABLE_STRICT_OBJC_MSGSEND = YES;
				GCC_C_LANGUAGE_STANDARD = gnu11;
				GCC_NO_COMMON_BLOCKS = YES;
				GCC_WARN_64_TO_32_BIT_CONVERSION = YES;
				GCC_WARN_ABOUT_RETURN_TYPE = YES_ERROR;
				GCC_WARN_UNDECLARED_SELECTOR = YES;
				GCC_WARN_UNINITIALIZED_AUTOS = YES_AGGRESSIVE;
				GCC_WARN_UNUSED_FUNCTION = YES;
				GCC_WARN_UNUSED_VARIABLE = YES;
				IPHONEOS_DEPLOYMENT_TARGET = 16.4;
				MTL_ENABLE_DEBUG_INFO = NO;
				MTL_FAST_MATH = YES;
				SDKROOT = iphoneos;
				SWIFT_COMPILATION_MODE = wholemodule;
				SWIFT_OPTIMIZATION_LEVEL = "-O";
				VALIDATE_PRODUCT = YES;
			};
			name = Release;
		};
		2E4EEAB42A42D30000541B2E /* Debug */ = {
			isa = XCBuildConfiguration;
			buildSettings = {
				ASSETCATALOG_COMPILER_APPICON_NAME = AppIcon;
				ASSETCATALOG_COMPILER_GLOBAL_ACCENT_COLOR_NAME = AccentColor;
				CODE_SIGN_STYLE = Automatic;
				CURRENT_PROJECT_VERSION = 1;
				DEVELOPMENT_ASSET_PATHS = "\"Example/Preview Content\"";
				DEVELOPMENT_TEAM = JFYN956J89;
				ENABLE_PREVIEWS = YES;
				GENERATE_INFOPLIST_FILE = YES;
				INFOPLIST_KEY_UIApplicationSceneManifest_Generation = YES;
				INFOPLIST_KEY_UIApplicationSupportsIndirectInputEvents = YES;
				INFOPLIST_KEY_UILaunchScreen_Generation = YES;
				INFOPLIST_KEY_UISupportedInterfaceOrientations_iPad = "UIInterfaceOrientationPortrait UIInterfaceOrientationPortraitUpsideDown UIInterfaceOrientationLandscapeLeft UIInterfaceOrientationLandscapeRight";
				INFOPLIST_KEY_UISupportedInterfaceOrientations_iPhone = "UIInterfaceOrientationPortrait UIInterfaceOrientationLandscapeLeft UIInterfaceOrientationLandscapeRight";
				LD_RUNPATH_SEARCH_PATHS = (
					"$(inherited)",
					"@executable_path/Frameworks",
				);
				MARKETING_VERSION = 1.0;
				PRODUCT_BUNDLE_IDENTIFIER = alphonsa.Example;
				PRODUCT_NAME = "$(TARGET_NAME)";
				SWIFT_EMIT_LOC_STRINGS = YES;
				SWIFT_VERSION = 5.0;
				TARGETED_DEVICE_FAMILY = "1,2";
			};
			name = Debug;
		};
		2E4EEAB52A42D30000541B2E /* Release */ = {
			isa = XCBuildConfiguration;
			buildSettings = {
				ASSETCATALOG_COMPILER_APPICON_NAME = AppIcon;
				ASSETCATALOG_COMPILER_GLOBAL_ACCENT_COLOR_NAME = AccentColor;
				CODE_SIGN_STYLE = Automatic;
				CURRENT_PROJECT_VERSION = 1;
				DEVELOPMENT_ASSET_PATHS = "\"Example/Preview Content\"";
				DEVELOPMENT_TEAM = JFYN956J89;
				ENABLE_PREVIEWS = YES;
				GENERATE_INFOPLIST_FILE = YES;
				INFOPLIST_KEY_UIApplicationSceneManifest_Generation = YES;
				INFOPLIST_KEY_UIApplicationSupportsIndirectInputEvents = YES;
				INFOPLIST_KEY_UILaunchScreen_Generation = YES;
				INFOPLIST_KEY_UISupportedInterfaceOrientations_iPad = "UIInterfaceOrientationPortrait UIInterfaceOrientationPortraitUpsideDown UIInterfaceOrientationLandscapeLeft UIInterfaceOrientationLandscapeRight";
				INFOPLIST_KEY_UISupportedInterfaceOrientations_iPhone = "UIInterfaceOrientationPortrait UIInterfaceOrientationLandscapeLeft UIInterfaceOrientationLandscapeRight";
				LD_RUNPATH_SEARCH_PATHS = (
					"$(inherited)",
					"@executable_path/Frameworks",
				);
				MARKETING_VERSION = 1.0;
				PRODUCT_BUNDLE_IDENTIFIER = alphonsa.Example;
				PRODUCT_NAME = "$(TARGET_NAME)";
				SWIFT_EMIT_LOC_STRINGS = YES;
				SWIFT_VERSION = 5.0;
				TARGETED_DEVICE_FAMILY = "1,2";
			};
			name = Release;
		};
		2E4EEAB72A42D30000541B2E /* Debug */ = {
			isa = XCBuildConfiguration;
			buildSettings = {
				ALWAYS_EMBED_SWIFT_STANDARD_LIBRARIES = YES;
				BUNDLE_LOADER = "$(TEST_HOST)";
				CODE_SIGN_STYLE = Automatic;
				CURRENT_PROJECT_VERSION = 1;
				DEVELOPMENT_TEAM = JFYN956J89;
				GENERATE_INFOPLIST_FILE = YES;
				IPHONEOS_DEPLOYMENT_TARGET = 16.4;
				MARKETING_VERSION = 1.0;
				PRODUCT_BUNDLE_IDENTIFIER = alphonsa.ExampleTests;
				PRODUCT_NAME = "$(TARGET_NAME)";
				SWIFT_EMIT_LOC_STRINGS = NO;
				SWIFT_VERSION = 5.0;
				TARGETED_DEVICE_FAMILY = "1,2";
				TEST_HOST = "$(BUILT_PRODUCTS_DIR)/Example.app/$(BUNDLE_EXECUTABLE_FOLDER_PATH)/Example";
			};
			name = Debug;
		};
		2E4EEAB82A42D30000541B2E /* Release */ = {
			isa = XCBuildConfiguration;
			buildSettings = {
				ALWAYS_EMBED_SWIFT_STANDARD_LIBRARIES = YES;
				BUNDLE_LOADER = "$(TEST_HOST)";
				CODE_SIGN_STYLE = Automatic;
				CURRENT_PROJECT_VERSION = 1;
				DEVELOPMENT_TEAM = JFYN956J89;
				GENERATE_INFOPLIST_FILE = YES;
				IPHONEOS_DEPLOYMENT_TARGET = 16.4;
				MARKETING_VERSION = 1.0;
				PRODUCT_BUNDLE_IDENTIFIER = alphonsa.ExampleTests;
				PRODUCT_NAME = "$(TARGET_NAME)";
				SWIFT_EMIT_LOC_STRINGS = NO;
				SWIFT_VERSION = 5.0;
				TARGETED_DEVICE_FAMILY = "1,2";
				TEST_HOST = "$(BUILT_PRODUCTS_DIR)/Example.app/$(BUNDLE_EXECUTABLE_FOLDER_PATH)/Example";
			};
			name = Release;
		};
		2E4EEABA2A42D30000541B2E /* Debug */ = {
			isa = XCBuildConfiguration;
			buildSettings = {
				ALWAYS_EMBED_SWIFT_STANDARD_LIBRARIES = YES;
				CODE_SIGN_STYLE = Automatic;
				CURRENT_PROJECT_VERSION = 1;
				DEVELOPMENT_TEAM = JFYN956J89;
				GENERATE_INFOPLIST_FILE = YES;
				MARKETING_VERSION = 1.0;
				PRODUCT_BUNDLE_IDENTIFIER = alphonsa.ExampleUITests;
				PRODUCT_NAME = "$(TARGET_NAME)";
				SWIFT_EMIT_LOC_STRINGS = NO;
				SWIFT_VERSION = 5.0;
				TARGETED_DEVICE_FAMILY = "1,2";
				TEST_TARGET_NAME = Example;
			};
			name = Debug;
		};
		2E4EEABB2A42D30000541B2E /* Release */ = {
			isa = XCBuildConfiguration;
			buildSettings = {
				ALWAYS_EMBED_SWIFT_STANDARD_LIBRARIES = YES;
				CODE_SIGN_STYLE = Automatic;
				CURRENT_PROJECT_VERSION = 1;
				DEVELOPMENT_TEAM = JFYN956J89;
				GENERATE_INFOPLIST_FILE = YES;
				MARKETING_VERSION = 1.0;
				PRODUCT_BUNDLE_IDENTIFIER = alphonsa.ExampleUITests;
				PRODUCT_NAME = "$(TARGET_NAME)";
				SWIFT_EMIT_LOC_STRINGS = NO;
				SWIFT_VERSION = 5.0;
				TARGETED_DEVICE_FAMILY = "1,2";
				TEST_TARGET_NAME = Example;
			};
			name = Release;
		};
/* End XCBuildConfiguration section */

/* Begin XCConfigurationList section */
		2E4EEA8A2A42D2FB00541B2E /* Build configuration list for PBXProject "Example" */ = {
			isa = XCConfigurationList;
			buildConfigurations = (
				2E4EEAB12A42D30000541B2E /* Debug */,
				2E4EEAB22A42D30000541B2E /* Release */,
			);
			defaultConfigurationIsVisible = 0;
			defaultConfigurationName = Release;
		};
		2E4EEAB32A42D30000541B2E /* Build configuration list for PBXNativeTarget "Example" */ = {
			isa = XCConfigurationList;
			buildConfigurations = (
				2E4EEAB42A42D30000541B2E /* Debug */,
				2E4EEAB52A42D30000541B2E /* Release */,
			);
			defaultConfigurationIsVisible = 0;
			defaultConfigurationName = Release;
		};
		2E4EEAB62A42D30000541B2E /* Build configuration list for PBXNativeTarget "ExampleTests" */ = {
			isa = XCConfigurationList;
			buildConfigurations = (
				2E4EEAB72A42D30000541B2E /* Debug */,
				2E4EEAB82A42D30000541B2E /* Release */,
			);
			defaultConfigurationIsVisible = 0;
			defaultConfigurationName = Release;
		};
		2E4EEAB92A42D30000541B2E /* Build configuration list for PBXNativeTarget "ExampleUITests" */ = {
			isa = XCConfigurationList;
			buildConfigurations = (
				2E4EEABA2A42D30000541B2E /* Debug */,
				2E4EEABB2A42D30000541B2E /* Release */,
			);
			defaultConfigurationIsVisible = 0;
			defaultConfigurationName = Release;
		};
/* End XCConfigurationList section */

/* Begin XCRemoteSwiftPackageReference section */
		2E4EEABC2A42D32D00541B2E /* XCRemoteSwiftPackageReference "MyExamplePackage" */ = {
			isa = XCRemoteSwiftPackageReference;
			repositoryURL = "https://github.com/alphonsa22/MyExamplePackage";
			requirement = {
				branch = main;
				kind = branch;
			};
		};
/* End XCRemoteSwiftPackageReference section */

/* Begin XCSwiftPackageProductDependency section */
		2E4EEABD2A42D32D00541B2E /* MyExamplePackage */ = {
			isa = XCSwiftPackageProductDependency;
			package = 2E4EEABC2A42D32D00541B2E /* XCRemoteSwiftPackageReference "MyExamplePackage" */;
			productName = MyExamplePackage;
		};
/* End XCSwiftPackageProductDependency section */
	};
	rootObject = 2E4EEA872A42D2FB00541B2E /* Project object */;
}
